
Microsoft Visual Studio Solution File, Format Version 12.00
# Visual Studio 15
VisualStudioVersion = 15.0.28307.271
MinimumVisualStudioVersion = 10.0.40219.1
Project("{FAE04EC0-301F-11D3-BF4B-00C04F79EFBC}") = "MySnupkgTestNetStandard", "MySnupkgTestNetStandard\MySnupkgTestNetStandard.csproj", "{F4102B31-C676-435E-B34A-45CC10BACB0C}"
EndProject
Project("{FAE04EC0-301F-11D3-BF4B-00C04F79EFBC}") = "MySnupkgTestNetFramework", "MySnupkgTestNetFramework\MySnupkgTestNetFramework.csproj", "{485139DD-3A42-41FE-B4A9-DBF061F6131A}"
EndProject
Global
	GlobalSection(SolutionConfigurationPlatforms) = preSolution
		Debug|Any CPU = Debug|Any CPU
		Release|Any CPU = Release|Any CPU
	EndGlobalSection
	GlobalSection(ProjectConfigurationPlatforms) = postSolution
		{F4102B31-C676-435E-B34A-45CC10BACB0C}.Debug|Any CPU.ActiveCfg = Debug|Any CPU
		{F4102B31-C676-435E-B34A-45CC10BACB0C}.Debug|Any CPU.Build.0 = Debug|Any CPU
		{F4102B31-C676-435E-B34A-45CC10BACB0C}.Release|Any CPU.ActiveCfg = Release|Any CPU
		{F4102B31-C676-435E-B34A-45CC10BACB0C}.Release|Any CPU.Build.0 = Release|Any CPU
		{485139DD-3A42-41FE-B4A9-DBF061F6131A}.Debug|Any CPU.ActiveCfg = Debug|Any CPU
		{485139DD-3A42-41FE-B4A9-DBF061F6131A}.Debug|Any CPU.Build.0 = Debug|Any CPU
		{485139DD-3A42-41FE-B4A9-DBF061F6131A}.Release|Any CPU.ActiveCfg = Release|Any CPU
		{485139DD-3A42-41FE-B4A9-DBF061F6131A}.Release|Any CPU.Build.0 = Release|Any CPU
	EndGlobalSection
	GlobalSection(SolutionProperties) = preSolution
		HideSolutionNode = FALSE
	EndGlobalSection
	GlobalSection(ExtensibilityGlobals) = postSolution
		SolutionGuid = {40155DCC-DB22-4F1F-B638-6A0EBC61541E}
	EndGlobalSection
EndGlobal
